
Microsoft Visual Studio Solution File, Format Version 12.00
# Visual Studio Version 17
VisualStudioVersion = 17.13.35825.156 d17.13
MinimumVisualStudioVersion = 10.0.40219.1
Project("{FAE04EC0-301F-11D3-BF4B-00C04F79EFBC}") = "Domain", "Domain\Domain.csproj", "{EFACA9CB-88A6-4FF8-ABC1-3FA5F1730ADD}"
EndProject
Project("{FAE04EC0-301F-11D3-BF4B-00C04F79EFBC}") = "Application", "Application\Application.csproj", "{F6ED4DB6-2F24-4BDB-A23F-5B5908F9D181}"
EndProject
Project("{FAE04EC0-301F-11D3-BF4B-00C04F79EFBC}") = "Infrastructure", "Infrastructure\Infrastructure.csproj", "{C212249E-19E5-4F3C-9A2E-A721B4C7A54A}"
EndProject
Project("{FAE04EC0-301F-11D3-BF4B-00C04F79EFBC}") = "Tests", "Tests\Tests.csproj", "{5EE70926-01A2-4B97-8253-C0207178357C}"
EndProject
Project("{FAE04EC0-301F-11D3-BF4B-00C04F79EFBC}") = "API", "API\API.csproj", "{DDEE5661-056E-454C-A3AD-4CBCE2A34349}"
EndProject
Global
	GlobalSection(SolutionConfigurationPlatforms) = preSolution
		Debug|Any CPU = Debug|Any CPU
		Release|Any CPU = Release|Any CPU
	EndGlobalSection
	GlobalSection(ProjectConfigurationPlatforms) = postSolution
		{EFACA9CB-88A6-4FF8-ABC1-3FA5F1730ADD}.Debug|Any CPU.ActiveCfg = Debug|Any CPU
		{EFACA9CB-88A6-4FF8-ABC1-3FA5F1730ADD}.Debug|Any CPU.Build.0 = Debug|Any CPU
		{EFACA9CB-88A6-4FF8-ABC1-3FA5F1730ADD}.Release|Any CPU.ActiveCfg = Release|Any CPU
		{EFACA9CB-88A6-4FF8-ABC1-3FA5F1730ADD}.Release|Any CPU.Build.0 = Release|Any CPU
		{F6ED4DB6-2F24-4BDB-A23F-5B5908F9D181}.Debug|Any CPU.ActiveCfg = Debug|Any CPU
		{F6ED4DB6-2F24-4BDB-A23F-5B5908F9D181}.Debug|Any CPU.Build.0 = Debug|Any CPU
		{F6ED4DB6-2F24-4BDB-A23F-5B5908F9D181}.Release|Any CPU.ActiveCfg = Release|Any CPU
		{F6ED4DB6-2F24-4BDB-A23F-5B5908F9D181}.Release|Any CPU.Build.0 = Release|Any CPU
		{C212249E-19E5-4F3C-9A2E-A721B4C7A54A}.Debug|Any CPU.ActiveCfg = Debug|Any CPU
		{C212249E-19E5-4F3C-9A2E-A721B4C7A54A}.Debug|Any CPU.Build.0 = Debug|Any CPU
		{C212249E-19E5-4F3C-9A2E-A721B4C7A54A}.Release|Any CPU.ActiveCfg = Release|Any CPU
		{C212249E-19E5-4F3C-9A2E-A721B4C7A54A}.Release|Any CPU.Build.0 = Release|Any CPU
		{5EE70926-01A2-4B97-8253-C0207178357C}.Debug|Any CPU.ActiveCfg = Debug|Any CPU
		{5EE70926-01A2-4B97-8253-C0207178357C}.Debug|Any CPU.Build.0 = Debug|Any CPU
		{5EE70926-01A2-4B97-8253-C0207178357C}.Release|Any CPU.ActiveCfg = Release|Any CPU
		{5EE70926-01A2-4B97-8253-C0207178357C}.Release|Any CPU.Build.0 = Release|Any CPU
		{DDEE5661-056E-454C-A3AD-4CBCE2A34349}.Debug|Any CPU.ActiveCfg = Debug|Any CPU
		{DDEE5661-056E-454C-A3AD-4CBCE2A34349}.Debug|Any CPU.Build.0 = Debug|Any CPU
		{DDEE5661-056E-454C-A3AD-4CBCE2A34349}.Release|Any CPU.ActiveCfg = Release|Any CPU
		{DDEE5661-056E-454C-A3AD-4CBCE2A34349}.Release|Any CPU.Build.0 = Release|Any CPU
	EndGlobalSection
	GlobalSection(SolutionProperties) = preSolution
		HideSolutionNode = FALSE
	EndGlobalSection
	GlobalSection(ExtensibilityGlobals) = postSolution
		SolutionGuid = {0DF5650F-82FC-4C8D-A13F-C2A0520C1C9C}
	EndGlobalSection
EndGlobal
